
Microsoft Visual Studio Solution File, Format Version 12.00
# Visual Studio Version 16
VisualStudioVersion = 16.0.31727.386
MinimumVisualStudioVersion = 10.0.40219.1
Project("{FAE04EC0-301F-11D3-BF4B-00C04F79EFBC}") = "OOD_Lab6", "OOD_Lab6\OOD_Lab6.csproj", "{F9C66D04-3C13-4BE2-BE47-9E038BBECF36}"
EndProject
Global
	GlobalSection(SolutionConfigurationPlatforms) = preSolution
		Debug|Any CPU = Debug|Any CPU
		Release|Any CPU = Release|Any CPU
	EndGlobalSection
	GlobalSection(ProjectConfigurationPlatforms) = postSolution
		{F9C66D04-3C13-4BE2-BE47-9E038BBECF36}.Debug|Any CPU.ActiveCfg = Debug|Any CPU
		{F9C66D04-3C13-4BE2-BE47-9E038BBECF36}.Debug|Any CPU.Build.0 = Debug|Any CPU
		{F9C66D04-3C13-4BE2-BE47-9E038BBECF36}.Release|Any CPU.ActiveCfg = Release|Any CPU
		{F9C66D04-3C13-4BE2-BE47-9E038BBECF36}.Release|Any CPU.Build.0 = Release|Any CPU
	EndGlobalSection
	GlobalSection(SolutionProperties) = preSolution
		HideSolutionNode = FALSE
	EndGlobalSection
	GlobalSection(ExtensibilityGlobals) = postSolution
		SolutionGuid = {821FCE51-86A1-4395-A469-33EE96D28C1B}
	EndGlobalSection
EndGlobal
